{
  "name": "hostupcmd",
  "version": "1.0.0",
  "lockfileVersion": 2,
  "requires": true,
  "packages": {
    "": {
      "name": "hostupcmd",
      "version": "1.0.0",
      "license": "ISC",
      "dependencies": {
        "ping": "^0.4.4"
      },
      "devDependencies": {
        "@types/ping": "^0.4.1"
      }
    },
    "node_modules/@types/ping": {
      "version": "0.4.1",
      "resolved": "https://registry.npmjs.org/@types/ping/-/ping-0.4.1.tgz",
      "integrity": "sha512-q/D+xQvoqrHvntvz2A0Pb0ImYwnN3zakluUp8O2qoogGoVMVbdY2K/ulxHcCh9TzYzVoojayHBa9gYQDIZ4v0A==",
      "dev": true
    },
    "node_modules/ping": {
      "version": "0.4.4",
      "resolved": "https://registry.npmjs.org/ping/-/ping-0.4.4.tgz",
      "integrity": "sha512-56ZMC0j7SCsMMLdOoUg12VZCfj/+ZO+yfOSjaNCRrmZZr6GLbN2X/Ui56T15dI8NhiHckaw5X2pvyfAomanwqQ==",
      "engines": {
        "node": ">=4.0.0"
      }
    }
  },
  "dependencies": {
    "@types/ping": {
      "version": "0.4.1",
      "resolved": "https://registry.npmjs.org/@types/ping/-/ping-0.4.1.tgz",
      "integrity": "sha512-q/D+xQvoqrHvntvz2A0Pb0ImYwnN3zakluUp8O2qoogGoVMVbdY2K/ulxHcCh9TzYzVoojayHBa9gYQDIZ4v0A==",
      "dev": true
    },
    "ping": {
      "version": "0.4.4",
      "resolved": "https://registry.npmjs.org/ping/-/ping-0.4.4.tgz",
      "integrity": "sha512-56ZMC0j7SCsMMLdOoUg12VZCfj/+ZO+yfOSjaNCRrmZZr6GLbN2X/Ui56T15dI8NhiHckaw5X2pvyfAomanwqQ=="
    }
  }
}
